
Microsoft Visual Studio Solution File, Format Version 12.00
# Visual Studio 2012
Project("{FAE04EC0-301F-11D3-BF4B-00C04F79EFBC}") = "SwoleGoal", "SwoleGoal\SwoleGoal.csproj", "{FB22BDE5-368A-4737-AF6C-E9E5D833ADCA}"
EndProject
Project("{FAE04EC0-301F-11D3-BF4B-00C04F79EFBC}") = "SwoleGoal.Tests", "SwoleGoal.Tests\SwoleGoal.Tests.csproj", "{6A57ECED-C55E-419C-8481-4B9157F68A01}"
EndProject
Global
	GlobalSection(SolutionConfigurationPlatforms) = preSolution
		Debug|Any CPU = Debug|Any CPU
		Release|Any CPU = Release|Any CPU
	EndGlobalSection
	GlobalSection(ProjectConfigurationPlatforms) = postSolution
		{FB22BDE5-368A-4737-AF6C-E9E5D833ADCA}.Debug|Any CPU.ActiveCfg = Debug|Any CPU
		{FB22BDE5-368A-4737-AF6C-E9E5D833ADCA}.Debug|Any CPU.Build.0 = Debug|Any CPU
		{FB22BDE5-368A-4737-AF6C-E9E5D833ADCA}.Release|Any CPU.ActiveCfg = Release|Any CPU
		{FB22BDE5-368A-4737-AF6C-E9E5D833ADCA}.Release|Any CPU.Build.0 = Release|Any CPU
		{6A57ECED-C55E-419C-8481-4B9157F68A01}.Debug|Any CPU.ActiveCfg = Debug|Any CPU
		{6A57ECED-C55E-419C-8481-4B9157F68A01}.Debug|Any CPU.Build.0 = Debug|Any CPU
		{6A57ECED-C55E-419C-8481-4B9157F68A01}.Release|Any CPU.ActiveCfg = Release|Any CPU
		{6A57ECED-C55E-419C-8481-4B9157F68A01}.Release|Any CPU.Build.0 = Release|Any CPU
	EndGlobalSection
EndGlobal
